
Microsoft Visual Studio Solution File, Format Version 12.00
# Visual Studio Version 16
VisualStudioVersion = 16.0.33927.289
MinimumVisualStudioVersion = 10.0.40219.1
Project("{FAE04EC0-301F-11D3-BF4B-00C04F79EFBC}") = "Language Selector", "Language Selector\Language Selector.csproj", "{CFAA5855-394D-4E23-A879-B000E6DEE58F}"
EndProject
Global
	GlobalSection(SolutionConfigurationPlatforms) = preSolution
		Debug|Any CPU = Debug|Any CPU
		Release|Any CPU = Release|Any CPU
	EndGlobalSection
	GlobalSection(ProjectConfigurationPlatforms) = postSolution
		{CFAA5855-394D-4E23-A879-B000E6DEE58F}.Debug|Any CPU.ActiveCfg = Debug|Any CPU
		{CFAA5855-394D-4E23-A879-B000E6DEE58F}.Debug|Any CPU.Build.0 = Debug|Any CPU
		{CFAA5855-394D-4E23-A879-B000E6DEE58F}.Release|Any CPU.ActiveCfg = Release|Any CPU
		{CFAA5855-394D-4E23-A879-B000E6DEE58F}.Release|Any CPU.Build.0 = Release|Any CPU
	EndGlobalSection
	GlobalSection(SolutionProperties) = preSolution
		HideSolutionNode = FALSE
	EndGlobalSection
	GlobalSection(ExtensibilityGlobals) = postSolution
		SolutionGuid = {AD9EF035-B6B6-4A3F-84EE-105EFE663A69}
	EndGlobalSection
EndGlobal
